
Microsoft Visual Studio Solution File, Format Version 12.00
# Visual Studio 15
VisualStudioVersion = 15.0.27004.2009
MinimumVisualStudioVersion = 10.0.40219.1
Project("{FAE04EC0-301F-11D3-BF4B-00C04F79EFBC}") = "DashHashWrapper", "DashHashWrapper\DashHashWrapper.csproj", "{50F968E2-98E0-46F6-9379-754106276AD5}"
	ProjectSection(ProjectDependencies) = postProject
		{D1B19E4C-8795-48AE-A239-E57E348A534F} = {D1B19E4C-8795-48AE-A239-E57E348A534F}
	EndProjectSection
EndProject
Project("{8BC9CEB8-8B4A-11D0-8D11-00A0C91BC942}") = "DashHash", "DashHash\DashHash.vcxproj", "{D1B19E4C-8795-48AE-A239-E57E348A534F}"
EndProject
Project("{FAE04EC0-301F-11D3-BF4B-00C04F79EFBC}") = "DashHashWrapper.Tests", "DashHashWrapper.Tests\DashHashWrapper.Tests.csproj", "{8EDF4429-251A-416D-BB68-93F227191BCF}"
	ProjectSection(ProjectDependencies) = postProject
		{50F968E2-98E0-46F6-9379-754106276AD5} = {50F968E2-98E0-46F6-9379-754106276AD5}
	EndProjectSection
EndProject
Global
	GlobalSection(SolutionConfigurationPlatforms) = preSolution
		Debug|Any CPU = Debug|Any CPU
		Debug|x64 = Debug|x64
		Debug|x86 = Debug|x86
		Release|Any CPU = Release|Any CPU
		Release|x64 = Release|x64
		Release|x86 = Release|x86
	EndGlobalSection
	GlobalSection(ProjectConfigurationPlatforms) = postSolution
		{50F968E2-98E0-46F6-9379-754106276AD5}.Debug|Any CPU.ActiveCfg = Debug|Any CPU
		{50F968E2-98E0-46F6-9379-754106276AD5}.Debug|Any CPU.Build.0 = Debug|Any CPU
		{50F968E2-98E0-46F6-9379-754106276AD5}.Debug|x64.ActiveCfg = Debug|Any CPU
		{50F968E2-98E0-46F6-9379-754106276AD5}.Debug|x64.Build.0 = Debug|Any CPU
		{50F968E2-98E0-46F6-9379-754106276AD5}.Debug|x86.ActiveCfg = Debug|Any CPU
		{50F968E2-98E0-46F6-9379-754106276AD5}.Debug|x86.Build.0 = Debug|Any CPU
		{50F968E2-98E0-46F6-9379-754106276AD5}.Release|Any CPU.ActiveCfg = Release|Any CPU
		{50F968E2-98E0-46F6-9379-754106276AD5}.Release|Any CPU.Build.0 = Release|Any CPU
		{50F968E2-98E0-46F6-9379-754106276AD5}.Release|x64.ActiveCfg = Release|Any CPU
		{50F968E2-98E0-46F6-9379-754106276AD5}.Release|x64.Build.0 = Release|Any CPU
		{50F968E2-98E0-46F6-9379-754106276AD5}.Release|x86.ActiveCfg = Release|Any CPU
		{50F968E2-98E0-46F6-9379-754106276AD5}.Release|x86.Build.0 = Release|Any CPU
		{D1B19E4C-8795-48AE-A239-E57E348A534F}.Debug|Any CPU.ActiveCfg = Debug|Win32
		{D1B19E4C-8795-48AE-A239-E57E348A534F}.Debug|x64.ActiveCfg = Debug|x64
		{D1B19E4C-8795-48AE-A239-E57E348A534F}.Debug|x64.Build.0 = Debug|x64
		{D1B19E4C-8795-48AE-A239-E57E348A534F}.Debug|x86.ActiveCfg = Debug|Win32
		{D1B19E4C-8795-48AE-A239-E57E348A534F}.Debug|x86.Build.0 = Debug|Win32
		{D1B19E4C-8795-48AE-A239-E57E348A534F}.Release|Any CPU.ActiveCfg = Release|Win32
		{D1B19E4C-8795-48AE-A239-E57E348A534F}.Release|x64.ActiveCfg = Release|x64
		{D1B19E4C-8795-48AE-A239-E57E348A534F}.Release|x64.Build.0 = Release|x64
		{D1B19E4C-8795-48AE-A239-E57E348A534F}.Release|x86.ActiveCfg = Release|Win32
		{D1B19E4C-8795-48AE-A239-E57E348A534F}.Release|x86.Build.0 = Release|Win32
		{8EDF4429-251A-416D-BB68-93F227191BCF}.Debug|Any CPU.ActiveCfg = Debug|Any CPU
		{8EDF4429-251A-416D-BB68-93F227191BCF}.Debug|Any CPU.Build.0 = Debug|Any CPU
		{8EDF4429-251A-416D-BB68-93F227191BCF}.Debug|x64.ActiveCfg = Debug|Any CPU
		{8EDF4429-251A-416D-BB68-93F227191BCF}.Debug|x64.Build.0 = Debug|Any CPU
		{8EDF4429-251A-416D-BB68-93F227191BCF}.Debug|x86.ActiveCfg = Debug|Any CPU
		{8EDF4429-251A-416D-BB68-93F227191BCF}.Debug|x86.Build.0 = Debug|Any CPU
		{8EDF4429-251A-416D-BB68-93F227191BCF}.Release|Any CPU.ActiveCfg = Release|Any CPU
		{8EDF4429-251A-416D-BB68-93F227191BCF}.Release|Any CPU.Build.0 = Release|Any CPU
		{8EDF4429-251A-416D-BB68-93F227191BCF}.Release|x64.ActiveCfg = Release|Any CPU
		{8EDF4429-251A-416D-BB68-93F227191BCF}.Release|x64.Build.0 = Release|Any CPU
		{8EDF4429-251A-416D-BB68-93F227191BCF}.Release|x86.ActiveCfg = Release|Any CPU
		{8EDF4429-251A-416D-BB68-93F227191BCF}.Release|x86.Build.0 = Release|Any CPU
	EndGlobalSection
	GlobalSection(SolutionProperties) = preSolution
		HideSolutionNode = FALSE
	EndGlobalSection
	GlobalSection(ExtensibilityGlobals) = postSolution
		SolutionGuid = {96CA50A0-F94F-4932-B8AA-E347ACC87E06}
	EndGlobalSection
EndGlobal
