<?xml version="1.0" encoding="utf-8"?>
<Project ToolsVersion="4.0" xmlns="http://schemas.microsoft.com/developer/msbuild/2003">
  <ItemGroup>
    <Filter Include="Исходные файлы">
      <UniqueIdentifier>{4FC737F1-C7A5-4376-A066-2A32D752A2FF}</UniqueIdentifier>
      <Extensions>cpp;c;cc;cxx;def;odl;idl;hpj;bat;asm;asmx</Extensions>
    </Filter>
    <Filter Include="Файлы заголовков">
      <UniqueIdentifier>{93995380-89BD-4b04-88EB-625FBE52EBFB}</UniqueIdentifier>
      <Extensions>h;hh;hpp;hxx;hm;inl;inc;xsd</Extensions>
    </Filter>
    <Filter Include="Файлы ресурсов">
      <UniqueIdentifier>{67DA6AB6-F800-4c08-8B7A-83BB121AAD01}</UniqueIdentifier>
      <Extensions>rc;ico;cur;bmp;dlg;rc2;rct;bin;rgs;gif;jpg;jpeg;jpe;resx;tiff;tif;png;wav;mfcribbon-ms</Extensions>
    </Filter>
    <Filter Include="Исходные файлы\sha3">
      <UniqueIdentifier>{266217d0-c343-45ad-815d-c7b19d06fe40}</UniqueIdentifier>
    </Filter>
    <Filter Include="Файлы заголовков\sha3">
      <UniqueIdentifier>{b0d6e264-13dc-4c9b-9fa8-1af6b6261e71}</UniqueIdentifier>
    </Filter>
  </ItemGroup>
  <ItemGroup>
    <ClInclude Include="stdafx.h">
      <Filter>Файлы заголовков</Filter>
    </ClInclude>
    <ClInclude Include="targetver.h">
      <Filter>Файлы заголовков</Filter>
    </ClInclude>
    <ClInclude Include="dash.h">
      <Filter>Файлы заголовков</Filter>
    </ClInclude>
    <ClInclude Include="sha3\sph_blake.h">
      <Filter>Файлы заголовков\sha3</Filter>
    </ClInclude>
    <ClInclude Include="sha3\sph_bmw.h">
      <Filter>Файлы заголовков\sha3</Filter>
    </ClInclude>
    <ClInclude Include="sha3\sph_cubehash.h">
      <Filter>Файлы заголовков\sha3</Filter>
    </ClInclude>
    <ClInclude Include="sha3\sph_echo.h">
      <Filter>Файлы заголовков\sha3</Filter>
    </ClInclude>
    <ClInclude Include="sha3\sph_groestl.h">
      <Filter>Файлы заголовков\sha3</Filter>
    </ClInclude>
    <ClInclude Include="sha3\sph_jh.h">
      <Filter>Файлы заголовков\sha3</Filter>
    </ClInclude>
    <ClInclude Include="sha3\sph_keccak.h">
      <Filter>Файлы заголовков\sha3</Filter>
    </ClInclude>
    <ClInclude Include="sha3\sph_luffa.h">
      <Filter>Файлы заголовков\sha3</Filter>
    </ClInclude>
    <ClInclude Include="sha3\sph_shavite.h">
      <Filter>Файлы заголовков\sha3</Filter>
    </ClInclude>
    <ClInclude Include="sha3\sph_simd.h">
      <Filter>Файлы заголовков\sha3</Filter>
    </ClInclude>
    <ClInclude Include="sha3\sph_skein.h">
      <Filter>Файлы заголовков\sha3</Filter>
    </ClInclude>
    <ClInclude Include="sha3\sph_types.h">
      <Filter>Файлы заголовков\sha3</Filter>
    </ClInclude>
  </ItemGroup>
  <ItemGroup>
    <ClCompile Include="stdafx.cpp">
      <Filter>Исходные файлы</Filter>
    </ClCompile>
    <ClCompile Include="DashHash.cpp">
      <Filter>Исходные файлы</Filter>
    </ClCompile>
    <ClCompile Include="dllmain.cpp">
      <Filter>Исходные файлы</Filter>
    </ClCompile>
    <ClCompile Include="dash.c">
      <Filter>Исходные файлы</Filter>
    </ClCompile>
    <ClCompile Include="sha3\aes_helper.c">
      <Filter>Исходные файлы\sha3</Filter>
    </ClCompile>
    <ClCompile Include="sha3\blake.c">
      <Filter>Исходные файлы\sha3</Filter>
    </ClCompile>
    <ClCompile Include="sha3\bmw.c">
      <Filter>Исходные файлы\sha3</Filter>
    </ClCompile>
    <ClCompile Include="sha3\cubehash.c">
      <Filter>Исходные файлы\sha3</Filter>
    </ClCompile>
    <ClCompile Include="sha3\echo.c">
      <Filter>Исходные файлы\sha3</Filter>
    </ClCompile>
    <ClCompile Include="sha3\groestl.c">
      <Filter>Исходные файлы\sha3</Filter>
    </ClCompile>
    <ClCompile Include="sha3\jh.c">
      <Filter>Исходные файлы\sha3</Filter>
    </ClCompile>
    <ClCompile Include="sha3\keccak.c">
      <Filter>Исходные файлы\sha3</Filter>
    </ClCompile>
    <ClCompile Include="sha3\luffa.c">
      <Filter>Исходные файлы\sha3</Filter>
    </ClCompile>
    <ClCompile Include="sha3\shavite.c">
      <Filter>Исходные файлы\sha3</Filter>
    </ClCompile>
    <ClCompile Include="sha3\simd.c">
      <Filter>Исходные файлы\sha3</Filter>
    </ClCompile>
    <ClCompile Include="sha3\skein.c">
      <Filter>Исходные файлы\sha3</Filter>
    </ClCompile>
  </ItemGroup>
</Project>